
Microsoft Visual Studio Solution File, Format Version 12.00
# Visual Studio 15
VisualStudioVersion = 15.0.27703.2035
MinimumVisualStudioVersion = 10.0.40219.1
Project("{9A19103F-16F7-4668-BE54-9A1E7A4F7556}") = "Alarm", "Alarm\Alarm.csproj", "{E7BA5EB0-D510-410B-80CA-DF02843DF3BB}"
EndProject
Project("{FAE04EC0-301F-11D3-BF4B-00C04F79EFBC}") = "HomeAutomations", "HomeAutomations\HomeAutomations.csproj", "{61B519DA-2FE1-42B1-A392-B3E158178DE9}"
EndProject
Project("{FAE04EC0-301F-11D3-BF4B-00C04F79EFBC}") = "ConditionsDataCollector", "ConditionsDataCollector\ConditionsDataCollector.csproj", "{448F7C2E-52E2-4EB3-B961-65269EC0509C}"
EndProject
Global
	GlobalSection(SolutionConfigurationPlatforms) = preSolution
		Debug|Any CPU = Debug|Any CPU
		Release|Any CPU = Release|Any CPU
	EndGlobalSection
	GlobalSection(ProjectConfigurationPlatforms) = postSolution
		{E7BA5EB0-D510-410B-80CA-DF02843DF3BB}.Debug|Any CPU.ActiveCfg = Debug|Any CPU
		{E7BA5EB0-D510-410B-80CA-DF02843DF3BB}.Debug|Any CPU.Build.0 = Debug|Any CPU
		{E7BA5EB0-D510-410B-80CA-DF02843DF3BB}.Release|Any CPU.ActiveCfg = Release|Any CPU
		{E7BA5EB0-D510-410B-80CA-DF02843DF3BB}.Release|Any CPU.Build.0 = Release|Any CPU
		{61B519DA-2FE1-42B1-A392-B3E158178DE9}.Debug|Any CPU.ActiveCfg = Debug|Any CPU
		{61B519DA-2FE1-42B1-A392-B3E158178DE9}.Debug|Any CPU.Build.0 = Debug|Any CPU
		{61B519DA-2FE1-42B1-A392-B3E158178DE9}.Release|Any CPU.ActiveCfg = Release|Any CPU
		{61B519DA-2FE1-42B1-A392-B3E158178DE9}.Release|Any CPU.Build.0 = Release|Any CPU
		{448F7C2E-52E2-4EB3-B961-65269EC0509C}.Debug|Any CPU.ActiveCfg = Debug|Any CPU
		{448F7C2E-52E2-4EB3-B961-65269EC0509C}.Debug|Any CPU.Build.0 = Debug|Any CPU
		{448F7C2E-52E2-4EB3-B961-65269EC0509C}.Release|Any CPU.ActiveCfg = Release|Any CPU
		{448F7C2E-52E2-4EB3-B961-65269EC0509C}.Release|Any CPU.Build.0 = Release|Any CPU
	EndGlobalSection
	GlobalSection(SolutionProperties) = preSolution
		HideSolutionNode = FALSE
	EndGlobalSection
	GlobalSection(ExtensibilityGlobals) = postSolution
		SolutionGuid = {81BBC0EF-B8E6-4526-8D36-510EC3BCB08E}
	EndGlobalSection
EndGlobal
